
Microsoft Visual Studio Solution File, Format Version 12.00
# Visual Studio Version 17
VisualStudioVersion = 17.8.34330.188
MinimumVisualStudioVersion = 10.0.40219.1
Project("{FAE04EC0-301F-11D3-BF4B-00C04F79EFBC}") = "Ушков 24101", "Ушков 24101\Ушков 24101.csproj", "{2DC9442D-D346-4A45-96B1-8B3874FDA93B}"
EndProject
Global
	GlobalSection(SolutionConfigurationPlatforms) = preSolution
		Debug|Any CPU = Debug|Any CPU
		Release|Any CPU = Release|Any CPU
	EndGlobalSection
	GlobalSection(ProjectConfigurationPlatforms) = postSolution
		{2DC9442D-D346-4A45-96B1-8B3874FDA93B}.Debug|Any CPU.ActiveCfg = Debug|Any CPU
		{2DC9442D-D346-4A45-96B1-8B3874FDA93B}.Debug|Any CPU.Build.0 = Debug|Any CPU
		{2DC9442D-D346-4A45-96B1-8B3874FDA93B}.Release|Any CPU.ActiveCfg = Release|Any CPU
		{2DC9442D-D346-4A45-96B1-8B3874FDA93B}.Release|Any CPU.Build.0 = Release|Any CPU
	EndGlobalSection
	GlobalSection(SolutionProperties) = preSolution
		HideSolutionNode = FALSE
	EndGlobalSection
	GlobalSection(ExtensibilityGlobals) = postSolution
		SolutionGuid = {CD66B750-C1B5-4186-9C00-56C51B952D4E}
	EndGlobalSection
EndGlobal
